
Microsoft Visual Studio Solution File, Format Version 12.00
# Visual Studio Version 16
VisualStudioVersion = 16.0.28803.202
MinimumVisualStudioVersion = 10.0.40219.1
Project("{FAE04EC0-301F-11D3-BF4B-00C04F79EFBC}") = "InternetStore", "InternetStore\InternetStore.csproj", "{CC3AB800-45F0-4EAB-9DBC-94019B0CF79B}"
EndProject
Global
	GlobalSection(SolutionConfigurationPlatforms) = preSolution
		Debug|Any CPU = Debug|Any CPU
		Release|Any CPU = Release|Any CPU
	EndGlobalSection
	GlobalSection(ProjectConfigurationPlatforms) = postSolution
		{CC3AB800-45F0-4EAB-9DBC-94019B0CF79B}.Debug|Any CPU.ActiveCfg = Debug|Any CPU
		{CC3AB800-45F0-4EAB-9DBC-94019B0CF79B}.Debug|Any CPU.Build.0 = Debug|Any CPU
		{CC3AB800-45F0-4EAB-9DBC-94019B0CF79B}.Release|Any CPU.ActiveCfg = Release|Any CPU
		{CC3AB800-45F0-4EAB-9DBC-94019B0CF79B}.Release|Any CPU.Build.0 = Release|Any CPU
	EndGlobalSection
	GlobalSection(SolutionProperties) = preSolution
		HideSolutionNode = FALSE
	EndGlobalSection
	GlobalSection(ExtensibilityGlobals) = postSolution
		SolutionGuid = {E68D9792-C09A-4CF8-9814-DA48C5AEC937}
	EndGlobalSection
EndGlobal
